
Microsoft Visual Studio Solution File, Format Version 12.00
# Visual Studio 15
VisualStudioVersion = 15.0.26430.4
MinimumVisualStudioVersion = 10.0.40219.1
Project("{9A19103F-16F7-4668-BE54-9A1E7A4F7556}") = "bd.swcompartido.datos", "bd.swcompartido.datos\bd.swcompartido.datos.csproj", "{0B8A8EF3-D0FE-49BB-B474-C0CA9B9B26F3}"
EndProject
Project("{9A19103F-16F7-4668-BE54-9A1E7A4F7556}") = "bd.swcompartido.entidades", "bd.swcompartido.entidades\bd.swcompartido.entidades.csproj", "{059871A8-62E2-430D-BCD3-A1754DF63B15}"
EndProject
Project("{9A19103F-16F7-4668-BE54-9A1E7A4F7556}") = "bd.swcompartido.web", "bd.swcompartido.web\bd.swcompartido.web.csproj", "{11A0CFCE-B586-4636-8899-CA1F79761C29}"
EndProject
Project("{FAE04EC0-301F-11D3-BF4B-00C04F79EFBC}") = "bd.sw.externos", "bd.sw.externos\bd.sw.externos.csproj", "{79AFCA6F-FAFF-49E9-B37D-233F8B12C35D}"
EndProject
Global
	GlobalSection(SolutionConfigurationPlatforms) = preSolution
		Debug|Any CPU = Debug|Any CPU
		Release|Any CPU = Release|Any CPU
	EndGlobalSection
	GlobalSection(ProjectConfigurationPlatforms) = postSolution
		{0B8A8EF3-D0FE-49BB-B474-C0CA9B9B26F3}.Debug|Any CPU.ActiveCfg = Debug|Any CPU
		{0B8A8EF3-D0FE-49BB-B474-C0CA9B9B26F3}.Debug|Any CPU.Build.0 = Debug|Any CPU
		{0B8A8EF3-D0FE-49BB-B474-C0CA9B9B26F3}.Release|Any CPU.ActiveCfg = Release|Any CPU
		{0B8A8EF3-D0FE-49BB-B474-C0CA9B9B26F3}.Release|Any CPU.Build.0 = Release|Any CPU
		{059871A8-62E2-430D-BCD3-A1754DF63B15}.Debug|Any CPU.ActiveCfg = Debug|Any CPU
		{059871A8-62E2-430D-BCD3-A1754DF63B15}.Debug|Any CPU.Build.0 = Debug|Any CPU
		{059871A8-62E2-430D-BCD3-A1754DF63B15}.Release|Any CPU.ActiveCfg = Release|Any CPU
		{059871A8-62E2-430D-BCD3-A1754DF63B15}.Release|Any CPU.Build.0 = Release|Any CPU
		{11A0CFCE-B586-4636-8899-CA1F79761C29}.Debug|Any CPU.ActiveCfg = Debug|Any CPU
		{11A0CFCE-B586-4636-8899-CA1F79761C29}.Debug|Any CPU.Build.0 = Debug|Any CPU
		{11A0CFCE-B586-4636-8899-CA1F79761C29}.Release|Any CPU.ActiveCfg = Release|Any CPU
		{11A0CFCE-B586-4636-8899-CA1F79761C29}.Release|Any CPU.Build.0 = Release|Any CPU
		{79AFCA6F-FAFF-49E9-B37D-233F8B12C35D}.Debug|Any CPU.ActiveCfg = Debug|Any CPU
		{79AFCA6F-FAFF-49E9-B37D-233F8B12C35D}.Debug|Any CPU.Build.0 = Debug|Any CPU
		{79AFCA6F-FAFF-49E9-B37D-233F8B12C35D}.Release|Any CPU.ActiveCfg = Release|Any CPU
		{79AFCA6F-FAFF-49E9-B37D-233F8B12C35D}.Release|Any CPU.Build.0 = Release|Any CPU
	EndGlobalSection
	GlobalSection(SolutionProperties) = preSolution
		HideSolutionNode = FALSE
	EndGlobalSection
EndGlobal
